
Microsoft Visual Studio Solution File, Format Version 12.00
# Visual Studio Version 17
VisualStudioVersion = 17.4.32912.340
MinimumVisualStudioVersion = 10.0.40219.1
Project("{FAE04EC0-301F-11D3-BF4B-00C04F79EFBC}") = "EEA", "EEA\EEA.csproj", "{2362B94C-3148-4290-B90E-0AC801468343}"
EndProject
Global
	GlobalSection(SolutionConfigurationPlatforms) = preSolution
		Debug|Any CPU = Debug|Any CPU
		Release|Any CPU = Release|Any CPU
	EndGlobalSection
	GlobalSection(ProjectConfigurationPlatforms) = postSolution
		{2362B94C-3148-4290-B90E-0AC801468343}.Debug|Any CPU.ActiveCfg = Debug|Any CPU
		{2362B94C-3148-4290-B90E-0AC801468343}.Debug|Any CPU.Build.0 = Debug|Any CPU
		{2362B94C-3148-4290-B90E-0AC801468343}.Release|Any CPU.ActiveCfg = Release|Any CPU
		{2362B94C-3148-4290-B90E-0AC801468343}.Release|Any CPU.Build.0 = Release|Any CPU
	EndGlobalSection
	GlobalSection(SolutionProperties) = preSolution
		HideSolutionNode = FALSE
	EndGlobalSection
	GlobalSection(ExtensibilityGlobals) = postSolution
		SolutionGuid = {89396C7F-9F46-43A7-A3B3-8C69262D3C8F}
	EndGlobalSection
EndGlobal
